
Microsoft Visual Studio Solution File, Format Version 12.00
# Visual Studio 15
VisualStudioVersion = 15.0.26430.6
MinimumVisualStudioVersion = 10.0.40219.1
Project("{9A19103F-16F7-4668-BE54-9A1E7A4F7556}") = "Morgobot", "Morgobot\Morgobot.csproj", "{BD32E4D1-758E-4405-B159-A494219518FA}"
EndProject
Project("{9A19103F-16F7-4668-BE54-9A1E7A4F7556}") = "Tests", "Tests\Tests.csproj", "{7C461AB3-1DEC-44F5-80BB-CC6BE996EBA9}"
EndProject
Project("{9A19103F-16F7-4668-BE54-9A1E7A4F7556}") = "Dagon.Grammar", "Dagon.Grammar\Dagon.Grammar.csproj", "{E77A6575-8905-418C-8909-0695B9F45C9B}"
EndProject
Project("{2150E333-8FDC-42A3-9474-1A3956D46DE8}") = "lib", "lib", "{77FDC5A4-2357-4C6F-B795-5F6BC4A2EC00}"
EndProject
Project("{2150E333-8FDC-42A3-9474-1A3956D46DE8}") = "srs", "srs", "{198E7DC6-26FF-418A-AACC-743B3069E8DF}"
EndProject
Project("{2150E333-8FDC-42A3-9474-1A3956D46DE8}") = "test", "test", "{E571B3BD-7EC4-4BE4-8D55-89D3F25C88BC}"
EndProject
Project("{2150E333-8FDC-42A3-9474-1A3956D46DE8}") = "app", "app", "{F68B2EC0-7DA8-4399-832A-054964345F1B}"
EndProject
Project("{FAE04EC0-301F-11D3-BF4B-00C04F79EFBC}") = "Morgobot.App", "Morgobot.App\Morgobot.App.csproj", "{A4B7B55B-8058-4A35-BEF0-C4B692086FC0}"
EndProject
Project("{FAE04EC0-301F-11D3-BF4B-00C04F79EFBC}") = "Morgobot.Web", "Morgobot.Web\Morgobot.Web.csproj", "{07AAE420-5F76-4E52-9430-25CBAADC6809}"
EndProject
Global
	GlobalSection(SolutionConfigurationPlatforms) = preSolution
		Debug|Any CPU = Debug|Any CPU
		Release|Any CPU = Release|Any CPU
	EndGlobalSection
	GlobalSection(ProjectConfigurationPlatforms) = postSolution
		{BD32E4D1-758E-4405-B159-A494219518FA}.Debug|Any CPU.ActiveCfg = Debug|Any CPU
		{BD32E4D1-758E-4405-B159-A494219518FA}.Debug|Any CPU.Build.0 = Debug|Any CPU
		{BD32E4D1-758E-4405-B159-A494219518FA}.Release|Any CPU.ActiveCfg = Release|Any CPU
		{BD32E4D1-758E-4405-B159-A494219518FA}.Release|Any CPU.Build.0 = Release|Any CPU
		{7C461AB3-1DEC-44F5-80BB-CC6BE996EBA9}.Debug|Any CPU.ActiveCfg = Debug|Any CPU
		{7C461AB3-1DEC-44F5-80BB-CC6BE996EBA9}.Debug|Any CPU.Build.0 = Debug|Any CPU
		{7C461AB3-1DEC-44F5-80BB-CC6BE996EBA9}.Release|Any CPU.ActiveCfg = Release|Any CPU
		{7C461AB3-1DEC-44F5-80BB-CC6BE996EBA9}.Release|Any CPU.Build.0 = Release|Any CPU
		{E77A6575-8905-418C-8909-0695B9F45C9B}.Debug|Any CPU.ActiveCfg = Debug|Any CPU
		{E77A6575-8905-418C-8909-0695B9F45C9B}.Debug|Any CPU.Build.0 = Debug|Any CPU
		{E77A6575-8905-418C-8909-0695B9F45C9B}.Release|Any CPU.ActiveCfg = Release|Any CPU
		{E77A6575-8905-418C-8909-0695B9F45C9B}.Release|Any CPU.Build.0 = Release|Any CPU
		{A4B7B55B-8058-4A35-BEF0-C4B692086FC0}.Debug|Any CPU.ActiveCfg = Debug|Any CPU
		{A4B7B55B-8058-4A35-BEF0-C4B692086FC0}.Debug|Any CPU.Build.0 = Debug|Any CPU
		{A4B7B55B-8058-4A35-BEF0-C4B692086FC0}.Release|Any CPU.ActiveCfg = Release|Any CPU
		{A4B7B55B-8058-4A35-BEF0-C4B692086FC0}.Release|Any CPU.Build.0 = Release|Any CPU
		{07AAE420-5F76-4E52-9430-25CBAADC6809}.Debug|Any CPU.ActiveCfg = Debug|Any CPU
		{07AAE420-5F76-4E52-9430-25CBAADC6809}.Debug|Any CPU.Build.0 = Debug|Any CPU
		{07AAE420-5F76-4E52-9430-25CBAADC6809}.Release|Any CPU.ActiveCfg = Release|Any CPU
		{07AAE420-5F76-4E52-9430-25CBAADC6809}.Release|Any CPU.Build.0 = Release|Any CPU
	EndGlobalSection
	GlobalSection(SolutionProperties) = preSolution
		HideSolutionNode = FALSE
	EndGlobalSection
	GlobalSection(NestedProjects) = preSolution
		{BD32E4D1-758E-4405-B159-A494219518FA} = {198E7DC6-26FF-418A-AACC-743B3069E8DF}
		{7C461AB3-1DEC-44F5-80BB-CC6BE996EBA9} = {E571B3BD-7EC4-4BE4-8D55-89D3F25C88BC}
		{E77A6575-8905-418C-8909-0695B9F45C9B} = {77FDC5A4-2357-4C6F-B795-5F6BC4A2EC00}
		{A4B7B55B-8058-4A35-BEF0-C4B692086FC0} = {F68B2EC0-7DA8-4399-832A-054964345F1B}
		{07AAE420-5F76-4E52-9430-25CBAADC6809} = {F68B2EC0-7DA8-4399-832A-054964345F1B}
	EndGlobalSection
	GlobalSection(ExtensibilityGlobals) = postSolution
		SolutionGuid = {DC7AFD83-1806-4EC5-A1D8-36427F37DE70}
	EndGlobalSection
EndGlobal
